
Microsoft Visual Studio Solution File, Format Version 12.00
# Visual Studio Version 16
VisualStudioVersion = 16.0.29102.190
MinimumVisualStudioVersion = 10.0.40219.1
Project("{FAE04EC0-301F-11D3-BF4B-00C04F79EFBC}") = "OrderSystem", "OrderSystem\OrderSystem.csproj", "{068C5608-F4A2-4C25-8BEA-167287DC612E}"
EndProject
Global
	GlobalSection(SolutionConfigurationPlatforms) = preSolution
		Debug|Any CPU = Debug|Any CPU
		Release|Any CPU = Release|Any CPU
	EndGlobalSection
	GlobalSection(ProjectConfigurationPlatforms) = postSolution
		{068C5608-F4A2-4C25-8BEA-167287DC612E}.Debug|Any CPU.ActiveCfg = Debug|Any CPU
		{068C5608-F4A2-4C25-8BEA-167287DC612E}.Debug|Any CPU.Build.0 = Debug|Any CPU
		{068C5608-F4A2-4C25-8BEA-167287DC612E}.Release|Any CPU.ActiveCfg = Release|Any CPU
		{068C5608-F4A2-4C25-8BEA-167287DC612E}.Release|Any CPU.Build.0 = Release|Any CPU
	EndGlobalSection
	GlobalSection(SolutionProperties) = preSolution
		HideSolutionNode = FALSE
	EndGlobalSection
	GlobalSection(ExtensibilityGlobals) = postSolution
		SolutionGuid = {4FD4CEFE-5BF9-4947-97D8-43C56D8C4840}
	EndGlobalSection
EndGlobal
