
Microsoft Visual Studio Solution File, Format Version 12.00
# Visual Studio Version 16
VisualStudioVersion = 16.0.29102.190
MinimumVisualStudioVersion = 10.0.40219.1
Project("{FAE04EC0-301F-11D3-BF4B-00C04F79EFBC}") = "PrimeFactor", "PrimeFactor\PrimeFactor.csproj", "{5E2A4916-9111-444D-9210-7FA060ABB8BA}"
EndProject
Global
	GlobalSection(SolutionConfigurationPlatforms) = preSolution
		Debug|Any CPU = Debug|Any CPU
		Release|Any CPU = Release|Any CPU
	EndGlobalSection
	GlobalSection(ProjectConfigurationPlatforms) = postSolution
		{5E2A4916-9111-444D-9210-7FA060ABB8BA}.Debug|Any CPU.ActiveCfg = Debug|Any CPU
		{5E2A4916-9111-444D-9210-7FA060ABB8BA}.Debug|Any CPU.Build.0 = Debug|Any CPU
		{5E2A4916-9111-444D-9210-7FA060ABB8BA}.Release|Any CPU.ActiveCfg = Release|Any CPU
		{5E2A4916-9111-444D-9210-7FA060ABB8BA}.Release|Any CPU.Build.0 = Release|Any CPU
	EndGlobalSection
	GlobalSection(SolutionProperties) = preSolution
		HideSolutionNode = FALSE
	EndGlobalSection
	GlobalSection(ExtensibilityGlobals) = postSolution
		SolutionGuid = {C05F9464-8D59-46A0-80CD-0C0959D2B859}
	EndGlobalSection
EndGlobal
